
Microsoft Visual Studio Solution File, Format Version 12.00
# Visual Studio Version 17
VisualStudioVersion = 17.9.34728.123
MinimumVisualStudioVersion = 10.0.40219.1
Project("{FAE04EC0-301F-11D3-BF4B-00C04F79EFBC}") = "ConAppFx01", "ConAppFx01\ConAppFx01.csproj", "{26A7364F-4C94-4B71-95C0-442FE7E213F1}"
EndProject
Project("{FAE04EC0-301F-11D3-BF4B-00C04F79EFBC}") = "ConApp01", "ConApp01\ConApp01.csproj", "{31728895-3711-410C-B9B5-21B81265DC59}"
EndProject
Project("{FAE04EC0-301F-11D3-BF4B-00C04F79EFBC}") = "ConApp01TL", "ConApp01TL\ConApp01TL.csproj", "{5C50D6BC-4BCF-4AF4-87A7-E7433CE8BD6E}"
EndProject
Global
	GlobalSection(SolutionConfigurationPlatforms) = preSolution
		Debug|Any CPU = Debug|Any CPU
		Release|Any CPU = Release|Any CPU
	EndGlobalSection
	GlobalSection(ProjectConfigurationPlatforms) = postSolution
		{26A7364F-4C94-4B71-95C0-442FE7E213F1}.Debug|Any CPU.ActiveCfg = Debug|Any CPU
		{26A7364F-4C94-4B71-95C0-442FE7E213F1}.Debug|Any CPU.Build.0 = Debug|Any CPU
		{26A7364F-4C94-4B71-95C0-442FE7E213F1}.Release|Any CPU.ActiveCfg = Release|Any CPU
		{26A7364F-4C94-4B71-95C0-442FE7E213F1}.Release|Any CPU.Build.0 = Release|Any CPU
		{31728895-3711-410C-B9B5-21B81265DC59}.Debug|Any CPU.ActiveCfg = Debug|Any CPU
		{31728895-3711-410C-B9B5-21B81265DC59}.Debug|Any CPU.Build.0 = Debug|Any CPU
		{31728895-3711-410C-B9B5-21B81265DC59}.Release|Any CPU.ActiveCfg = Release|Any CPU
		{31728895-3711-410C-B9B5-21B81265DC59}.Release|Any CPU.Build.0 = Release|Any CPU
		{5C50D6BC-4BCF-4AF4-87A7-E7433CE8BD6E}.Debug|Any CPU.ActiveCfg = Debug|Any CPU
		{5C50D6BC-4BCF-4AF4-87A7-E7433CE8BD6E}.Debug|Any CPU.Build.0 = Debug|Any CPU
		{5C50D6BC-4BCF-4AF4-87A7-E7433CE8BD6E}.Release|Any CPU.ActiveCfg = Release|Any CPU
		{5C50D6BC-4BCF-4AF4-87A7-E7433CE8BD6E}.Release|Any CPU.Build.0 = Release|Any CPU
	EndGlobalSection
	GlobalSection(SolutionProperties) = preSolution
		HideSolutionNode = FALSE
	EndGlobalSection
	GlobalSection(ExtensibilityGlobals) = postSolution
		SolutionGuid = {C80088EB-951D-4896-9BF3-2D5C91FD30BF}
	EndGlobalSection
EndGlobal
