
Microsoft Visual Studio Solution File, Format Version 12.00
# Visual Studio Version 17
VisualStudioVersion = 17.9.34728.123
MinimumVisualStudioVersion = 10.0.40219.1
Project("{FAE04EC0-301F-11D3-BF4B-00C04F79EFBC}") = "SortedList", "SortedList\SortedList.csproj", "{DDD9503F-2C19-45FD-9C0E-8B5BBCBC2CD7}"
EndProject
Global
	GlobalSection(SolutionConfigurationPlatforms) = preSolution
		Debug|Any CPU = Debug|Any CPU
		Release|Any CPU = Release|Any CPU
	EndGlobalSection
	GlobalSection(ProjectConfigurationPlatforms) = postSolution
		{DDD9503F-2C19-45FD-9C0E-8B5BBCBC2CD7}.Debug|Any CPU.ActiveCfg = Debug|Any CPU
		{DDD9503F-2C19-45FD-9C0E-8B5BBCBC2CD7}.Debug|Any CPU.Build.0 = Debug|Any CPU
		{DDD9503F-2C19-45FD-9C0E-8B5BBCBC2CD7}.Release|Any CPU.ActiveCfg = Release|Any CPU
		{DDD9503F-2C19-45FD-9C0E-8B5BBCBC2CD7}.Release|Any CPU.Build.0 = Release|Any CPU
	EndGlobalSection
	GlobalSection(SolutionProperties) = preSolution
		HideSolutionNode = FALSE
	EndGlobalSection
	GlobalSection(ExtensibilityGlobals) = postSolution
		SolutionGuid = {4739AC56-6F61-4F41-A3FA-AB6DA47A49F0}
	EndGlobalSection
EndGlobal
