
Microsoft Visual Studio Solution File, Format Version 12.00
# Visual Studio Version 17
VisualStudioVersion = 17.9.34728.123
MinimumVisualStudioVersion = 10.0.40219.1
Project("{FAE04EC0-301F-11D3-BF4B-00C04F79EFBC}") = "Stack02-adt", "Stack02-adt\Stack02-adt.csproj", "{0880784B-62F3-4359-88FE-56139E9C871C}"
EndProject
Global
	GlobalSection(SolutionConfigurationPlatforms) = preSolution
		Debug|Any CPU = Debug|Any CPU
		Release|Any CPU = Release|Any CPU
	EndGlobalSection
	GlobalSection(ProjectConfigurationPlatforms) = postSolution
		{0880784B-62F3-4359-88FE-56139E9C871C}.Debug|Any CPU.ActiveCfg = Debug|Any CPU
		{0880784B-62F3-4359-88FE-56139E9C871C}.Debug|Any CPU.Build.0 = Debug|Any CPU
		{0880784B-62F3-4359-88FE-56139E9C871C}.Release|Any CPU.ActiveCfg = Release|Any CPU
		{0880784B-62F3-4359-88FE-56139E9C871C}.Release|Any CPU.Build.0 = Release|Any CPU
	EndGlobalSection
	GlobalSection(SolutionProperties) = preSolution
		HideSolutionNode = FALSE
	EndGlobalSection
	GlobalSection(ExtensibilityGlobals) = postSolution
		SolutionGuid = {72BA667B-A224-4FE3-8AAB-7C74A300D661}
	EndGlobalSection
EndGlobal
